
Microsoft Visual Studio Solution File, Format Version 12.00
# Visual Studio Version 17
VisualStudioVersion = 17.2.32630.192
MinimumVisualStudioVersion = 10.0.40219.1
Project("{9A19103F-16F7-4668-BE54-9A1E7A4F7556}") = "PS4GamingApplication", "PS4GamingApplication.csproj", "{EB31AEF8-295B-4A46-BBAF-134E7E7BA4EA}"
EndProject
Global
	GlobalSection(SolutionConfigurationPlatforms) = preSolution
		Debug|Any CPU = Debug|Any CPU
		Release|Any CPU = Release|Any CPU
	EndGlobalSection
	GlobalSection(ProjectConfigurationPlatforms) = postSolution
		{EB31AEF8-295B-4A46-BBAF-134E7E7BA4EA}.Debug|Any CPU.ActiveCfg = Debug|Any CPU
		{EB31AEF8-295B-4A46-BBAF-134E7E7BA4EA}.Debug|Any CPU.Build.0 = Debug|Any CPU
		{EB31AEF8-295B-4A46-BBAF-134E7E7BA4EA}.Release|Any CPU.ActiveCfg = Release|Any CPU
		{EB31AEF8-295B-4A46-BBAF-134E7E7BA4EA}.Release|Any CPU.Build.0 = Release|Any CPU
	EndGlobalSection
	GlobalSection(SolutionProperties) = preSolution
		HideSolutionNode = FALSE
	EndGlobalSection
	GlobalSection(ExtensibilityGlobals) = postSolution
		SolutionGuid = {9593E3FA-1EDB-40C4-B777-32EFDFF1E020}
	EndGlobalSection
EndGlobal
